
Microsoft Visual Studio Solution File, Format Version 12.00
# Visual Studio Version 17
VisualStudioVersion = 17.7.34024.191
MinimumVisualStudioVersion = 10.0.40219.1
Project("{9A19103F-16F7-4668-BE54-9A1E7A4F7556}") = "Estacionamento", "Estacionamento.csproj", "{54B04A67-B2C0-42DD-BAA6-1E154805C7D4}"
EndProject
Global
	GlobalSection(SolutionConfigurationPlatforms) = preSolution
		Debug|Any CPU = Debug|Any CPU
		Release|Any CPU = Release|Any CPU
	EndGlobalSection
	GlobalSection(ProjectConfigurationPlatforms) = postSolution
		{54B04A67-B2C0-42DD-BAA6-1E154805C7D4}.Debug|Any CPU.ActiveCfg = Debug|Any CPU
		{54B04A67-B2C0-42DD-BAA6-1E154805C7D4}.Debug|Any CPU.Build.0 = Debug|Any CPU
		{54B04A67-B2C0-42DD-BAA6-1E154805C7D4}.Release|Any CPU.ActiveCfg = Release|Any CPU
		{54B04A67-B2C0-42DD-BAA6-1E154805C7D4}.Release|Any CPU.Build.0 = Release|Any CPU
	EndGlobalSection
	GlobalSection(SolutionProperties) = preSolution
		HideSolutionNode = FALSE
	EndGlobalSection
	GlobalSection(ExtensibilityGlobals) = postSolution
		SolutionGuid = {94BCAF93-7E0F-40EA-A6D4-1555D34820D1}
	EndGlobalSection
EndGlobal
